
Microsoft Visual Studio Solution File, Format Version 12.00
# Visual Studio Version 17
VisualStudioVersion = 17.5.33516.290
MinimumVisualStudioVersion = 10.0.40219.1
Project("{8BC9CEB8-8B4A-11D0-8D11-00A0C91BC942}") = "lexer", "lexer\lexer.vcxproj", "{66DF92B6-0AE3-4A34-AC62-7A57381335FD}"
EndProject
Global
	GlobalSection(SolutionConfigurationPlatforms) = preSolution
		Debug|x64 = Debug|x64
		Debug|x86 = Debug|x86
		Release|x64 = Release|x64
		Release|x86 = Release|x86
	EndGlobalSection
	GlobalSection(ProjectConfigurationPlatforms) = postSolution
		{66DF92B6-0AE3-4A34-AC62-7A57381335FD}.Debug|x64.ActiveCfg = Debug|x64
		{66DF92B6-0AE3-4A34-AC62-7A57381335FD}.Debug|x64.Build.0 = Debug|x64
		{66DF92B6-0AE3-4A34-AC62-7A57381335FD}.Debug|x86.ActiveCfg = Debug|Win32
		{66DF92B6-0AE3-4A34-AC62-7A57381335FD}.Debug|x86.Build.0 = Debug|Win32
		{66DF92B6-0AE3-4A34-AC62-7A57381335FD}.Release|x64.ActiveCfg = Release|x64
		{66DF92B6-0AE3-4A34-AC62-7A57381335FD}.Release|x64.Build.0 = Release|x64
		{66DF92B6-0AE3-4A34-AC62-7A57381335FD}.Release|x86.ActiveCfg = Release|Win32
		{66DF92B6-0AE3-4A34-AC62-7A57381335FD}.Release|x86.Build.0 = Release|Win32
	EndGlobalSection
	GlobalSection(SolutionProperties) = preSolution
		HideSolutionNode = FALSE
	EndGlobalSection
	GlobalSection(ExtensibilityGlobals) = postSolution
		SolutionGuid = {A6D645F1-300A-455C-800E-833C532B71A7}
	EndGlobalSection
EndGlobal
